
Microsoft Visual Studio Solution File, Format Version 12.00
# Visual Studio Version 16
VisualStudioVersion = 16.0.30011.22
MinimumVisualStudioVersion = 10.0.40219.1
Project("{9A19103F-16F7-4668-BE54-9A1E7A4F7556}") = "Toolbar", "Toolbar\Toolbar.csproj", "{E01FD4A4-5AA0-43E1-818B-83ED451BB779}"
EndProject
Global
	GlobalSection(SolutionConfigurationPlatforms) = preSolution
		Debug|Any CPU = Debug|Any CPU
		Release|Any CPU = Release|Any CPU
		Test|Any CPU = Test|Any CPU
	EndGlobalSection
	GlobalSection(ProjectConfigurationPlatforms) = postSolution
		{E01FD4A4-5AA0-43E1-818B-83ED451BB779}.Debug|Any CPU.ActiveCfg = Debug|Any CPU
		{E01FD4A4-5AA0-43E1-818B-83ED451BB779}.Debug|Any CPU.Build.0 = Debug|Any CPU
		{E01FD4A4-5AA0-43E1-818B-83ED451BB779}.Release|Any CPU.ActiveCfg = Release|Any CPU
		{E01FD4A4-5AA0-43E1-818B-83ED451BB779}.Release|Any CPU.Build.0 = Release|Any CPU
		{E01FD4A4-5AA0-43E1-818B-83ED451BB779}.Test|Any CPU.ActiveCfg = Test|Any CPU
		{E01FD4A4-5AA0-43E1-818B-83ED451BB779}.Test|Any CPU.Build.0 = Test|Any CPU
	EndGlobalSection
	GlobalSection(SolutionProperties) = preSolution
		HideSolutionNode = FALSE
	EndGlobalSection
	GlobalSection(ExtensibilityGlobals) = postSolution
		SolutionGuid = {CAAF252D-B51B-45DD-8C92-E20E85198091}
	EndGlobalSection
EndGlobal
